
Microsoft Visual Studio Solution File, Format Version 12.00
# Visual Studio Version 16
VisualStudioVersion = 16.6.30114.105
MinimumVisualStudioVersion = 10.0.40219.1
Project("{FAE04EC0-301F-11D3-BF4B-00C04F79EFBC}") = "Framework", "Framework\Framework.csproj", "{DDB7BBB3-A77C-4EE4-9CC8-CCF61DFD5EE2}"
EndProject
Project("{FAE04EC0-301F-11D3-BF4B-00C04F79EFBC}") = "Royale", "Royale\Royale.csproj", "{C19443F4-413F-489C-A707-08D6B0E8D56D}"
EndProject
Project("{FAE04EC0-301F-11D3-BF4B-00C04F79EFBC}") = "Royale.Tests", "Royale.Tests\Royale.Tests.csproj", "{A6167811-61AA-419C-A8B8-719EE0C41786}"
EndProject
Global
	GlobalSection(SolutionConfigurationPlatforms) = preSolution
		Debug|Any CPU = Debug|Any CPU
		Debug|x64 = Debug|x64
		Debug|x86 = Debug|x86
		Release|Any CPU = Release|Any CPU
		Release|x64 = Release|x64
		Release|x86 = Release|x86
	EndGlobalSection
	GlobalSection(SolutionProperties) = preSolution
		HideSolutionNode = FALSE
	EndGlobalSection
	GlobalSection(ProjectConfigurationPlatforms) = postSolution
		{DDB7BBB3-A77C-4EE4-9CC8-CCF61DFD5EE2}.Debug|Any CPU.ActiveCfg = Debug|Any CPU
		{DDB7BBB3-A77C-4EE4-9CC8-CCF61DFD5EE2}.Debug|Any CPU.Build.0 = Debug|Any CPU
		{DDB7BBB3-A77C-4EE4-9CC8-CCF61DFD5EE2}.Debug|x64.ActiveCfg = Debug|Any CPU
		{DDB7BBB3-A77C-4EE4-9CC8-CCF61DFD5EE2}.Debug|x64.Build.0 = Debug|Any CPU
		{DDB7BBB3-A77C-4EE4-9CC8-CCF61DFD5EE2}.Debug|x86.ActiveCfg = Debug|Any CPU
		{DDB7BBB3-A77C-4EE4-9CC8-CCF61DFD5EE2}.Debug|x86.Build.0 = Debug|Any CPU
		{DDB7BBB3-A77C-4EE4-9CC8-CCF61DFD5EE2}.Release|Any CPU.ActiveCfg = Release|Any CPU
		{DDB7BBB3-A77C-4EE4-9CC8-CCF61DFD5EE2}.Release|Any CPU.Build.0 = Release|Any CPU
		{DDB7BBB3-A77C-4EE4-9CC8-CCF61DFD5EE2}.Release|x64.ActiveCfg = Release|Any CPU
		{DDB7BBB3-A77C-4EE4-9CC8-CCF61DFD5EE2}.Release|x64.Build.0 = Release|Any CPU
		{DDB7BBB3-A77C-4EE4-9CC8-CCF61DFD5EE2}.Release|x86.ActiveCfg = Release|Any CPU
		{DDB7BBB3-A77C-4EE4-9CC8-CCF61DFD5EE2}.Release|x86.Build.0 = Release|Any CPU
		{C19443F4-413F-489C-A707-08D6B0E8D56D}.Debug|Any CPU.ActiveCfg = Debug|Any CPU
		{C19443F4-413F-489C-A707-08D6B0E8D56D}.Debug|Any CPU.Build.0 = Debug|Any CPU
		{C19443F4-413F-489C-A707-08D6B0E8D56D}.Debug|x64.ActiveCfg = Debug|Any CPU
		{C19443F4-413F-489C-A707-08D6B0E8D56D}.Debug|x64.Build.0 = Debug|Any CPU
		{C19443F4-413F-489C-A707-08D6B0E8D56D}.Debug|x86.ActiveCfg = Debug|Any CPU
		{C19443F4-413F-489C-A707-08D6B0E8D56D}.Debug|x86.Build.0 = Debug|Any CPU
		{C19443F4-413F-489C-A707-08D6B0E8D56D}.Release|Any CPU.ActiveCfg = Release|Any CPU
		{C19443F4-413F-489C-A707-08D6B0E8D56D}.Release|Any CPU.Build.0 = Release|Any CPU
		{C19443F4-413F-489C-A707-08D6B0E8D56D}.Release|x64.ActiveCfg = Release|Any CPU
		{C19443F4-413F-489C-A707-08D6B0E8D56D}.Release|x64.Build.0 = Release|Any CPU
		{C19443F4-413F-489C-A707-08D6B0E8D56D}.Release|x86.ActiveCfg = Release|Any CPU
		{C19443F4-413F-489C-A707-08D6B0E8D56D}.Release|x86.Build.0 = Release|Any CPU
		{A6167811-61AA-419C-A8B8-719EE0C41786}.Debug|Any CPU.ActiveCfg = Debug|Any CPU
		{A6167811-61AA-419C-A8B8-719EE0C41786}.Debug|Any CPU.Build.0 = Debug|Any CPU
		{A6167811-61AA-419C-A8B8-719EE0C41786}.Debug|x64.ActiveCfg = Debug|Any CPU
		{A6167811-61AA-419C-A8B8-719EE0C41786}.Debug|x64.Build.0 = Debug|Any CPU
		{A6167811-61AA-419C-A8B8-719EE0C41786}.Debug|x86.ActiveCfg = Debug|Any CPU
		{A6167811-61AA-419C-A8B8-719EE0C41786}.Debug|x86.Build.0 = Debug|Any CPU
		{A6167811-61AA-419C-A8B8-719EE0C41786}.Release|Any CPU.ActiveCfg = Release|Any CPU
		{A6167811-61AA-419C-A8B8-719EE0C41786}.Release|Any CPU.Build.0 = Release|Any CPU
		{A6167811-61AA-419C-A8B8-719EE0C41786}.Release|x64.ActiveCfg = Release|Any CPU
		{A6167811-61AA-419C-A8B8-719EE0C41786}.Release|x64.Build.0 = Release|Any CPU
		{A6167811-61AA-419C-A8B8-719EE0C41786}.Release|x86.ActiveCfg = Release|Any CPU
		{A6167811-61AA-419C-A8B8-719EE0C41786}.Release|x86.Build.0 = Release|Any CPU
	EndGlobalSection
EndGlobal
